
Microsoft Visual Studio Solution File, Format Version 12.00
# Visual Studio Version 16
VisualStudioVersion = 16.0.30907.101
MinimumVisualStudioVersion = 10.0.40219.1
Project("{8BC9CEB8-8B4A-11D0-8D11-00A0C91BC942}") = "BTX", "BTX\BTX.vcxproj", "{A674A8B3-D3A4-4F6A-B904-6DD1F6E6F725}"
EndProject
Project("{2150E333-8FDC-42A3-9474-1A3956D46DE8}") = "Framework", "Framework", "{DDE67CFB-F4BF-45A1-8A81-169E9989D516}"
EndProject
Project("{2150E333-8FDC-42A3-9474-1A3956D46DE8}") = "Class", "Class", "{1B431B5C-2C15-4F4D-9452-CF92F054A1ED}"
EndProject
Project("{8BC9CEB8-8B4A-11D0-8D11-00A0C91BC942}") = "C01_OpenGL", "C01_OpenGL\C01_OpenGL.vcxproj", "{FA12657D-D8A0-41F5-8FB0-D1031C586229}"
EndProject
Project("{8BC9CEB8-8B4A-11D0-8D11-00A0C91BC942}") = "C02_SFML", "C02_SFML\C02_SFML.vcxproj", "{FC236736-76AC-40A9-BFEF-3ECB6DB084C8}"
EndProject
Project("{8BC9CEB8-8B4A-11D0-8D11-00A0C91BC942}") = "C03_ClassStructure", "C03_ClassStructure\C03_ClassStructure.vcxproj", "{0A97ECD7-0580-4FCF-9FA0-C406EAC3642B}"
EndProject
Project("{8BC9CEB8-8B4A-11D0-8D11-00A0C91BC942}") = "C04_ShaderCompiler", "C04_ShaderCompiler\C04_ShaderCompiler.vcxproj", "{C15B09BC-570B-4098-8967-037462DFDF62}"
EndProject
Project("{8BC9CEB8-8B4A-11D0-8D11-00A0C91BC942}") = "C05_Shaders", "C05_Shaders\C05_Shaders.vcxproj", "{E60B5B2D-19E8-4FD3-BFF7-CB908C5A651A}"
EndProject
Project("{8BC9CEB8-8B4A-11D0-8D11-00A0C91BC942}") = "C06_Translation", "C06_Translation\C06_Translation.vcxproj", "{EDFA3E00-4D79-4DE5-96F7-438EAC3E1103}"
EndProject
Project("{2150E333-8FDC-42A3-9474-1A3956D46DE8}") = "Homework", "Homework", "{4C2ECE37-DEE4-482D-ACDE-69E48FE5C512}"
EndProject
Project("{8BC9CEB8-8B4A-11D0-8D11-00A0C91BC942}") = "C22_Physics", "C22_Physics\C22_Physics.vcxproj", "{13CD4D9E-A6AE-49F9-B6D6-550532FDED6E}"
	ProjectSection(ProjectDependencies) = postProject
		{A674A8B3-D3A4-4F6A-B904-6DD1F6E6F725} = {A674A8B3-D3A4-4F6A-B904-6DD1F6E6F725}
	EndProjectSection
EndProject
Project("{8BC9CEB8-8B4A-11D0-8D11-00A0C91BC942}") = "HW02_3DPrimitives", "HW02_3DPrimitives\HW02_3DPrimitives.vcxproj", "{7EDBEED8-75ED-48EE-9F13-5D4A895E8F1B}"
	ProjectSection(ProjectDependencies) = postProject
		{A674A8B3-D3A4-4F6A-B904-6DD1F6E6F725} = {A674A8B3-D3A4-4F6A-B904-6DD1F6E6F725}
	EndProjectSection
EndProject
Project("{8BC9CEB8-8B4A-11D0-8D11-00A0C91BC942}") = "HW01_STDQueue", "HW01_STDQueue\HW01_STDQueue.vcxproj", "{5551282F-B293-4278-98DB-A3A53727D34F}"
EndProject
Project("{8BC9CEB8-8B4A-11D0-8D11-00A0C91BC942}") = "HW03_Camera", "HW03_Camera\HW03_Camera.vcxproj", "{5225B258-8502-4EBC-AF87-0CA8DFB9AF8C}"
	ProjectSection(ProjectDependencies) = postProject
		{A674A8B3-D3A4-4F6A-B904-6DD1F6E6F725} = {A674A8B3-D3A4-4F6A-B904-6DD1F6E6F725}
	EndProjectSection
EndProject
Project("{8BC9CEB8-8B4A-11D0-8D11-00A0C91BC942}") = "C07_Framework", "C07_Framework\C07_Framework.vcxproj", "{FA3A57E8-D7A0-4BCD-AE65-DD75E80E187E}"
	ProjectSection(ProjectDependencies) = postProject
		{A674A8B3-D3A4-4F6A-B904-6DD1F6E6F725} = {A674A8B3-D3A4-4F6A-B904-6DD1F6E6F725}
	EndProjectSection
EndProject
Project("{8BC9CEB8-8B4A-11D0-8D11-00A0C91BC942}") = "HW04_SAT", "HW04_SAT\HW04_SAT.vcxproj", "{A912A947-9DBE-4442-ABC2-347680708634}"
	ProjectSection(ProjectDependencies) = postProject
		{A674A8B3-D3A4-4F6A-B904-6DD1F6E6F725} = {A674A8B3-D3A4-4F6A-B904-6DD1F6E6F725}
	EndProjectSection
EndProject
Project("{8BC9CEB8-8B4A-11D0-8D11-00A0C91BC942}") = "HW05_Octree", "HW05_Octree\HW05_Octree.vcxproj", "{3053487E-D553-484A-A087-6CAF5689295A}"
EndProject
Project("{8BC9CEB8-8B4A-11D0-8D11-00A0C91BC942}") = "C09_Base", "C09_Base\C09_Base.vcxproj", "{E46C7A77-C962-4B50-A284-335DA30C5257}"
EndProject
Project("{8BC9CEB8-8B4A-11D0-8D11-00A0C91BC942}") = "C10_MeshClass", "C10_MeshClass\C10_MeshClass.vcxproj", "{1BFF6BFB-D00D-4F96-B020-D7C425E8F7B3}"
EndProject
Project("{8BC9CEB8-8B4A-11D0-8D11-00A0C91BC942}") = "C11_TranslationAndScale", "C11_TranslationAndScale\C11_TranslationAndScale.vcxproj", "{AC6556D4-7A01-4640-974D-C8B5958911D2}"
EndProject
Project("{8BC9CEB8-8B4A-11D0-8D11-00A0C91BC942}") = "C12_LERP", "C12_LERP\C12_LERP.vcxproj", "{1FC03B27-41F3-4107-AEBF-3C6D2E7149FA}"
EndProject
Project("{2150E333-8FDC-42A3-9474-1A3956D46DE8}") = "Exercises", "Exercises", "{86AAB188-8116-48FF-8BEF-CAB54B4AB43F}"
EndProject
Project("{8BC9CEB8-8B4A-11D0-8D11-00A0C91BC942}") = "E04 - Circle Creation", "E04 - Circle Creation\E04 - Circle Creation.vcxproj", "{C1734322-885B-46B3-B35B-7E5283435260}"
EndProject
Project("{8BC9CEB8-8B4A-11D0-8D11-00A0C91BC942}") = "E04s - Circle Creation", "E04s - Circle Creation\E04s - Circle Creation.vcxproj", "{5A72A3FE-A1F4-41B2-9536-C6AB5799239A}"
EndProject
Project("{8BC9CEB8-8B4A-11D0-8D11-00A0C91BC942}") = "E01s_Configuration", "E01s_Configuration\E01s_Configuration.vcxproj", "{EF9B5E00-F5D5-4EA6-9B4C-8C8149983517}"
EndProject
Project("{8BC9CEB8-8B4A-11D0-8D11-00A0C91BC942}") = "E03s - OpenGL Shaders", "E03s - OpenGL Shaders\E03s - OpenGL Shaders.vcxproj", "{CE46BE5A-0C74-484C-ADAA-C15DE6570B29}"
EndProject
Project("{8BC9CEB8-8B4A-11D0-8D11-00A0C91BC942}") = "E05 - Transformations", "E05 - Transformations\E05 - Transformations.vcxproj", "{22357567-62AE-4AEF-A946-BF44CF25C56A}"
EndProject
Project("{8BC9CEB8-8B4A-11D0-8D11-00A0C91BC942}") = "E05s - Transformations", "E05s - Transformations\E05s - Transformations.vcxproj", "{C1D5179C-C530-417D-B172-39587C922E7E}"
EndProject
Project("{8BC9CEB8-8B4A-11D0-8D11-00A0C91BC942}") = "C13_Rotations", "C13_Rotations\C13_Rotations.vcxproj", "{A0E267DE-259A-4E3D-AA3E-8F467A324742}"
EndProject
Project("{8BC9CEB8-8B4A-11D0-8D11-00A0C91BC942}") = "C14_Quaternions", "C14_Quaternions\C14_Quaternions.vcxproj", "{C6F32713-AA2D-4BEA-BD1D-4CEE085DE74B}"
EndProject
Project("{8BC9CEB8-8B4A-11D0-8D11-00A0C91BC942}") = "C08_Example", "C08_Example\C08_Example.vcxproj", "{ADD25904-3F47-47D5-A4A5-4DF10616E720}"
EndProject
Project("{8BC9CEB8-8B4A-11D0-8D11-00A0C91BC942}") = "C15_ProjectionsAndCamera", "C15_ProjectionsAndCamera\C15_ProjectionsAndCamera.vcxproj", "{FC55E2F8-9849-4610-8765-3D29D80FF78C}"
EndProject
Project("{8BC9CEB8-8B4A-11D0-8D11-00A0C91BC942}") = "C16_ManagersAndInstancing", "C16_ManagersAndInstancing\C16_ManagersAndInstancing.vcxproj", "{468221D4-56DD-44C6-A760-D8D216BD3C24}"
EndProject
Project("{8BC9CEB8-8B4A-11D0-8D11-00A0C91BC942}") = "C17_RigidBodyPt0", "C17_RigidBodyPt0\C17_RigidBodyPt0.vcxproj", "{A6AD12FC-79E8-4164-8085-0AD26B7664F9}"
EndProject
Project("{8BC9CEB8-8B4A-11D0-8D11-00A0C91BC942}") = "C17_RigidBodyPt1", "C17_RigidBodyPt1\C17_RigidBodyPt1.vcxproj", "{795B275A-E736-4273-9401-2E4C8CAB2938}"
EndProject
Project("{8BC9CEB8-8B4A-11D0-8D11-00A0C91BC942}") = "C17_RigidBodyPt2", "C17_RigidBodyPt2\C17_RigidBodyPt2.vcxproj", "{4A03C0F3-3D57-4564-8910-26F44A91F070}"
EndProject
Project("{8BC9CEB8-8B4A-11D0-8D11-00A0C91BC942}") = "E07 - Gimbal Removal", "E07 - Gimbal Removal\E07 - Gimbal Removal.vcxproj", "{AF32338D-2754-4166-A76A-601213A1ACB9}"
EndProject
Project("{8BC9CEB8-8B4A-11D0-8D11-00A0C91BC942}") = "E08 - Projections", "E08 - Projections\E08 - Projections.vcxproj", "{A487B0E9-7C53-4EE7-90D6-AD3C49AC9A9A}"
EndProject
Project("{8BC9CEB8-8B4A-11D0-8D11-00A0C91BC942}") = "E08s - Projections", "E08s - Projections\E08s - Projections.vcxproj", "{92C18D1A-5A46-4824-AE59-24250F70A20E}"
EndProject
Project("{8BC9CEB8-8B4A-11D0-8D11-00A0C91BC942}") = "C17_RigidBodyPt3", "C17_RigidBodyPt3\C17_RigidBodyPt3.vcxproj", "{A31824E7-9083-4DFC-9908-CA11566E3B73}"
EndProject
Project("{8BC9CEB8-8B4A-11D0-8D11-00A0C91BC942}") = "C18_SAT(outcome)", "C18_SAT(outcome)\C18_SAT(outcome).vcxproj", "{FFF01FFA-07D0-4D1F-A953-6BA699F5C89C}"
EndProject
Project("{8BC9CEB8-8B4A-11D0-8D11-00A0C91BC942}") = "C19_Entity", "C19_Entity\C19_Entity.vcxproj", "{ABBF7913-BB7B-482F-9400-CDAD2D1BC828}"
EndProject
Project("{8BC9CEB8-8B4A-11D0-8D11-00A0C91BC942}") = "C20_EntityManager", "C20_EntityManager\C20_EntityManager.vcxproj", "{722C9F0A-01EC-4AA5-B08F-513AF93A58C6}"
EndProject
Project("{8BC9CEB8-8B4A-11D0-8D11-00A0C91BC942}") = "C21_SpatialOptimization", "C21_SpatialOptimization\C21_SpatialOptimizationPt1.vcxproj", "{844D5FBC-A0E8-446D-AF24-7B6FAD8FD713}"
EndProject
Project("{8BC9CEB8-8B4A-11D0-8D11-00A0C91BC942}") = "CameraDemo", "CameraDemo\CameraDemo.vcxproj", "{42FBCCB8-E9E3-4F7C-97AA-9BFC1FE234D6}"
EndProject
Project("{2150E333-8FDC-42A3-9474-1A3956D46DE8}") = "Demos", "Demos", "{788B9268-2B37-4EA0-B767-58A51AD23DD7}"
EndProject
Global
	GlobalSection(SolutionConfigurationPlatforms) = preSolution
		Debug|x86 = Debug|x86
		Release|x86 = Release|x86
	EndGlobalSection
	GlobalSection(ProjectConfigurationPlatforms) = postSolution
		{A674A8B3-D3A4-4F6A-B904-6DD1F6E6F725}.Debug|x86.ActiveCfg = Debug|Win32
		{A674A8B3-D3A4-4F6A-B904-6DD1F6E6F725}.Debug|x86.Build.0 = Debug|Win32
		{A674A8B3-D3A4-4F6A-B904-6DD1F6E6F725}.Release|x86.ActiveCfg = Release|Win32
		{A674A8B3-D3A4-4F6A-B904-6DD1F6E6F725}.Release|x86.Build.0 = Release|Win32
		{FA12657D-D8A0-41F5-8FB0-D1031C586229}.Debug|x86.ActiveCfg = Debug|Win32
		{FA12657D-D8A0-41F5-8FB0-D1031C586229}.Debug|x86.Build.0 = Debug|Win32
		{FA12657D-D8A0-41F5-8FB0-D1031C586229}.Release|x86.ActiveCfg = Release|Win32
		{FA12657D-D8A0-41F5-8FB0-D1031C586229}.Release|x86.Build.0 = Release|Win32
		{FC236736-76AC-40A9-BFEF-3ECB6DB084C8}.Debug|x86.ActiveCfg = Debug|Win32
		{FC236736-76AC-40A9-BFEF-3ECB6DB084C8}.Debug|x86.Build.0 = Debug|Win32
		{FC236736-76AC-40A9-BFEF-3ECB6DB084C8}.Release|x86.ActiveCfg = Release|Win32
		{FC236736-76AC-40A9-BFEF-3ECB6DB084C8}.Release|x86.Build.0 = Release|Win32
		{0A97ECD7-0580-4FCF-9FA0-C406EAC3642B}.Debug|x86.ActiveCfg = Debug|Win32
		{0A97ECD7-0580-4FCF-9FA0-C406EAC3642B}.Debug|x86.Build.0 = Debug|Win32
		{0A97ECD7-0580-4FCF-9FA0-C406EAC3642B}.Release|x86.ActiveCfg = Release|Win32
		{0A97ECD7-0580-4FCF-9FA0-C406EAC3642B}.Release|x86.Build.0 = Release|Win32
		{C15B09BC-570B-4098-8967-037462DFDF62}.Debug|x86.ActiveCfg = Debug|Win32
		{C15B09BC-570B-4098-8967-037462DFDF62}.Debug|x86.Build.0 = Debug|Win32
		{C15B09BC-570B-4098-8967-037462DFDF62}.Release|x86.ActiveCfg = Release|Win32
		{C15B09BC-570B-4098-8967-037462DFDF62}.Release|x86.Build.0 = Release|Win32
		{E60B5B2D-19E8-4FD3-BFF7-CB908C5A651A}.Debug|x86.ActiveCfg = Debug|Win32
		{E60B5B2D-19E8-4FD3-BFF7-CB908C5A651A}.Debug|x86.Build.0 = Debug|Win32
		{E60B5B2D-19E8-4FD3-BFF7-CB908C5A651A}.Release|x86.ActiveCfg = Release|Win32
		{E60B5B2D-19E8-4FD3-BFF7-CB908C5A651A}.Release|x86.Build.0 = Release|Win32
		{EDFA3E00-4D79-4DE5-96F7-438EAC3E1103}.Debug|x86.ActiveCfg = Debug|Win32
		{EDFA3E00-4D79-4DE5-96F7-438EAC3E1103}.Debug|x86.Build.0 = Debug|Win32
		{EDFA3E00-4D79-4DE5-96F7-438EAC3E1103}.Release|x86.ActiveCfg = Release|Win32
		{EDFA3E00-4D79-4DE5-96F7-438EAC3E1103}.Release|x86.Build.0 = Release|Win32
		{13CD4D9E-A6AE-49F9-B6D6-550532FDED6E}.Debug|x86.ActiveCfg = Debug|Win32
		{13CD4D9E-A6AE-49F9-B6D6-550532FDED6E}.Debug|x86.Build.0 = Debug|Win32
		{13CD4D9E-A6AE-49F9-B6D6-550532FDED6E}.Release|x86.ActiveCfg = Release|Win32
		{13CD4D9E-A6AE-49F9-B6D6-550532FDED6E}.Release|x86.Build.0 = Release|Win32
		{7EDBEED8-75ED-48EE-9F13-5D4A895E8F1B}.Debug|x86.ActiveCfg = Debug|Win32
		{7EDBEED8-75ED-48EE-9F13-5D4A895E8F1B}.Debug|x86.Build.0 = Debug|Win32
		{7EDBEED8-75ED-48EE-9F13-5D4A895E8F1B}.Release|x86.ActiveCfg = Release|Win32
		{7EDBEED8-75ED-48EE-9F13-5D4A895E8F1B}.Release|x86.Build.0 = Release|Win32
		{5551282F-B293-4278-98DB-A3A53727D34F}.Debug|x86.ActiveCfg = Debug|Win32
		{5551282F-B293-4278-98DB-A3A53727D34F}.Debug|x86.Build.0 = Debug|Win32
		{5551282F-B293-4278-98DB-A3A53727D34F}.Release|x86.ActiveCfg = Release|Win32
		{5551282F-B293-4278-98DB-A3A53727D34F}.Release|x86.Build.0 = Release|Win32
		{5225B258-8502-4EBC-AF87-0CA8DFB9AF8C}.Debug|x86.ActiveCfg = Debug|Win32
		{5225B258-8502-4EBC-AF87-0CA8DFB9AF8C}.Debug|x86.Build.0 = Debug|Win32
		{5225B258-8502-4EBC-AF87-0CA8DFB9AF8C}.Release|x86.ActiveCfg = Release|Win32
		{5225B258-8502-4EBC-AF87-0CA8DFB9AF8C}.Release|x86.Build.0 = Release|Win32
		{FA3A57E8-D7A0-4BCD-AE65-DD75E80E187E}.Debug|x86.ActiveCfg = Debug|Win32
		{FA3A57E8-D7A0-4BCD-AE65-DD75E80E187E}.Debug|x86.Build.0 = Debug|Win32
		{FA3A57E8-D7A0-4BCD-AE65-DD75E80E187E}.Release|x86.ActiveCfg = Release|Win32
		{FA3A57E8-D7A0-4BCD-AE65-DD75E80E187E}.Release|x86.Build.0 = Release|Win32
		{A912A947-9DBE-4442-ABC2-347680708634}.Debug|x86.ActiveCfg = Debug|Win32
		{A912A947-9DBE-4442-ABC2-347680708634}.Debug|x86.Build.0 = Debug|Win32
		{A912A947-9DBE-4442-ABC2-347680708634}.Release|x86.ActiveCfg = Release|Win32
		{A912A947-9DBE-4442-ABC2-347680708634}.Release|x86.Build.0 = Release|Win32
		{3053487E-D553-484A-A087-6CAF5689295A}.Debug|x86.ActiveCfg = Debug|Win32
		{3053487E-D553-484A-A087-6CAF5689295A}.Debug|x86.Build.0 = Debug|Win32
		{3053487E-D553-484A-A087-6CAF5689295A}.Release|x86.ActiveCfg = Release|Win32
		{3053487E-D553-484A-A087-6CAF5689295A}.Release|x86.Build.0 = Release|Win32
		{E46C7A77-C962-4B50-A284-335DA30C5257}.Debug|x86.ActiveCfg = Debug|Win32
		{E46C7A77-C962-4B50-A284-335DA30C5257}.Debug|x86.Build.0 = Debug|Win32
		{E46C7A77-C962-4B50-A284-335DA30C5257}.Release|x86.ActiveCfg = Release|Win32
		{E46C7A77-C962-4B50-A284-335DA30C5257}.Release|x86.Build.0 = Release|Win32
		{1BFF6BFB-D00D-4F96-B020-D7C425E8F7B3}.Debug|x86.ActiveCfg = Debug|Win32
		{1BFF6BFB-D00D-4F96-B020-D7C425E8F7B3}.Debug|x86.Build.0 = Debug|Win32
		{1BFF6BFB-D00D-4F96-B020-D7C425E8F7B3}.Release|x86.ActiveCfg = Release|Win32
		{1BFF6BFB-D00D-4F96-B020-D7C425E8F7B3}.Release|x86.Build.0 = Release|Win32
		{AC6556D4-7A01-4640-974D-C8B5958911D2}.Debug|x86.ActiveCfg = Debug|Win32
		{AC6556D4-7A01-4640-974D-C8B5958911D2}.Debug|x86.Build.0 = Debug|Win32
		{AC6556D4-7A01-4640-974D-C8B5958911D2}.Release|x86.ActiveCfg = Release|Win32
		{AC6556D4-7A01-4640-974D-C8B5958911D2}.Release|x86.Build.0 = Release|Win32
		{1FC03B27-41F3-4107-AEBF-3C6D2E7149FA}.Debug|x86.ActiveCfg = Debug|Win32
		{1FC03B27-41F3-4107-AEBF-3C6D2E7149FA}.Debug|x86.Build.0 = Debug|Win32
		{1FC03B27-41F3-4107-AEBF-3C6D2E7149FA}.Release|x86.ActiveCfg = Release|Win32
		{1FC03B27-41F3-4107-AEBF-3C6D2E7149FA}.Release|x86.Build.0 = Release|Win32
		{C1734322-885B-46B3-B35B-7E5283435260}.Debug|x86.ActiveCfg = Debug|Win32
		{C1734322-885B-46B3-B35B-7E5283435260}.Debug|x86.Build.0 = Debug|Win32
		{C1734322-885B-46B3-B35B-7E5283435260}.Release|x86.ActiveCfg = Release|Win32
		{C1734322-885B-46B3-B35B-7E5283435260}.Release|x86.Build.0 = Release|Win32
		{5A72A3FE-A1F4-41B2-9536-C6AB5799239A}.Debug|x86.ActiveCfg = Debug|Win32
		{5A72A3FE-A1F4-41B2-9536-C6AB5799239A}.Debug|x86.Build.0 = Debug|Win32
		{5A72A3FE-A1F4-41B2-9536-C6AB5799239A}.Release|x86.ActiveCfg = Release|Win32
		{5A72A3FE-A1F4-41B2-9536-C6AB5799239A}.Release|x86.Build.0 = Release|Win32
		{EF9B5E00-F5D5-4EA6-9B4C-8C8149983517}.Debug|x86.ActiveCfg = Debug|Win32
		{EF9B5E00-F5D5-4EA6-9B4C-8C8149983517}.Debug|x86.Build.0 = Debug|Win32
		{EF9B5E00-F5D5-4EA6-9B4C-8C8149983517}.Release|x86.ActiveCfg = Release|Win32
		{EF9B5E00-F5D5-4EA6-9B4C-8C8149983517}.Release|x86.Build.0 = Release|Win32
		{CE46BE5A-0C74-484C-ADAA-C15DE6570B29}.Debug|x86.ActiveCfg = Debug|Win32
		{CE46BE5A-0C74-484C-ADAA-C15DE6570B29}.Debug|x86.Build.0 = Debug|Win32
		{CE46BE5A-0C74-484C-ADAA-C15DE6570B29}.Release|x86.ActiveCfg = Release|Win32
		{CE46BE5A-0C74-484C-ADAA-C15DE6570B29}.Release|x86.Build.0 = Release|Win32
		{22357567-62AE-4AEF-A946-BF44CF25C56A}.Debug|x86.ActiveCfg = Debug|Win32
		{22357567-62AE-4AEF-A946-BF44CF25C56A}.Debug|x86.Build.0 = Debug|Win32
		{22357567-62AE-4AEF-A946-BF44CF25C56A}.Release|x86.ActiveCfg = Release|Win32
		{22357567-62AE-4AEF-A946-BF44CF25C56A}.Release|x86.Build.0 = Release|Win32
		{C1D5179C-C530-417D-B172-39587C922E7E}.Debug|x86.ActiveCfg = Debug|Win32
		{C1D5179C-C530-417D-B172-39587C922E7E}.Debug|x86.Build.0 = Debug|Win32
		{C1D5179C-C530-417D-B172-39587C922E7E}.Release|x86.ActiveCfg = Release|Win32
		{C1D5179C-C530-417D-B172-39587C922E7E}.Release|x86.Build.0 = Release|Win32
		{A0E267DE-259A-4E3D-AA3E-8F467A324742}.Debug|x86.ActiveCfg = Debug|Win32
		{A0E267DE-259A-4E3D-AA3E-8F467A324742}.Debug|x86.Build.0 = Debug|Win32
		{A0E267DE-259A-4E3D-AA3E-8F467A324742}.Release|x86.ActiveCfg = Release|Win32
		{A0E267DE-259A-4E3D-AA3E-8F467A324742}.Release|x86.Build.0 = Release|Win32
		{C6F32713-AA2D-4BEA-BD1D-4CEE085DE74B}.Debug|x86.ActiveCfg = Debug|Win32
		{C6F32713-AA2D-4BEA-BD1D-4CEE085DE74B}.Debug|x86.Build.0 = Debug|Win32
		{C6F32713-AA2D-4BEA-BD1D-4CEE085DE74B}.Release|x86.ActiveCfg = Release|Win32
		{C6F32713-AA2D-4BEA-BD1D-4CEE085DE74B}.Release|x86.Build.0 = Release|Win32
		{ADD25904-3F47-47D5-A4A5-4DF10616E720}.Debug|x86.ActiveCfg = Debug|Win32
		{ADD25904-3F47-47D5-A4A5-4DF10616E720}.Debug|x86.Build.0 = Debug|Win32
		{ADD25904-3F47-47D5-A4A5-4DF10616E720}.Release|x86.ActiveCfg = Release|Win32
		{ADD25904-3F47-47D5-A4A5-4DF10616E720}.Release|x86.Build.0 = Release|Win32
		{FC55E2F8-9849-4610-8765-3D29D80FF78C}.Debug|x86.ActiveCfg = Debug|Win32
		{FC55E2F8-9849-4610-8765-3D29D80FF78C}.Debug|x86.Build.0 = Debug|Win32
		{FC55E2F8-9849-4610-8765-3D29D80FF78C}.Release|x86.ActiveCfg = Release|Win32
		{FC55E2F8-9849-4610-8765-3D29D80FF78C}.Release|x86.Build.0 = Release|Win32
		{468221D4-56DD-44C6-A760-D8D216BD3C24}.Debug|x86.ActiveCfg = Debug|Win32
		{468221D4-56DD-44C6-A760-D8D216BD3C24}.Debug|x86.Build.0 = Debug|Win32
		{468221D4-56DD-44C6-A760-D8D216BD3C24}.Release|x86.ActiveCfg = Release|Win32
		{468221D4-56DD-44C6-A760-D8D216BD3C24}.Release|x86.Build.0 = Release|Win32
		{A6AD12FC-79E8-4164-8085-0AD26B7664F9}.Debug|x86.ActiveCfg = Debug|Win32
		{A6AD12FC-79E8-4164-8085-0AD26B7664F9}.Debug|x86.Build.0 = Debug|Win32
		{A6AD12FC-79E8-4164-8085-0AD26B7664F9}.Release|x86.ActiveCfg = Release|Win32
		{A6AD12FC-79E8-4164-8085-0AD26B7664F9}.Release|x86.Build.0 = Release|Win32
		{795B275A-E736-4273-9401-2E4C8CAB2938}.Debug|x86.ActiveCfg = Debug|Win32
		{795B275A-E736-4273-9401-2E4C8CAB2938}.Debug|x86.Build.0 = Debug|Win32
		{795B275A-E736-4273-9401-2E4C8CAB2938}.Release|x86.ActiveCfg = Release|Win32
		{795B275A-E736-4273-9401-2E4C8CAB2938}.Release|x86.Build.0 = Release|Win32
		{4A03C0F3-3D57-4564-8910-26F44A91F070}.Debug|x86.ActiveCfg = Debug|Win32
		{4A03C0F3-3D57-4564-8910-26F44A91F070}.Debug|x86.Build.0 = Debug|Win32
		{4A03C0F3-3D57-4564-8910-26F44A91F070}.Release|x86.ActiveCfg = Release|Win32
		{4A03C0F3-3D57-4564-8910-26F44A91F070}.Release|x86.Build.0 = Release|Win32
		{AF32338D-2754-4166-A76A-601213A1ACB9}.Debug|x86.ActiveCfg = Debug|Win32
		{AF32338D-2754-4166-A76A-601213A1ACB9}.Debug|x86.Build.0 = Debug|Win32
		{AF32338D-2754-4166-A76A-601213A1ACB9}.Release|x86.ActiveCfg = Release|Win32
		{AF32338D-2754-4166-A76A-601213A1ACB9}.Release|x86.Build.0 = Release|Win32
		{A487B0E9-7C53-4EE7-90D6-AD3C49AC9A9A}.Debug|x86.ActiveCfg = Debug|Win32
		{A487B0E9-7C53-4EE7-90D6-AD3C49AC9A9A}.Debug|x86.Build.0 = Debug|Win32
		{A487B0E9-7C53-4EE7-90D6-AD3C49AC9A9A}.Release|x86.ActiveCfg = Release|Win32
		{A487B0E9-7C53-4EE7-90D6-AD3C49AC9A9A}.Release|x86.Build.0 = Release|Win32
		{92C18D1A-5A46-4824-AE59-24250F70A20E}.Debug|x86.ActiveCfg = Debug|Win32
		{92C18D1A-5A46-4824-AE59-24250F70A20E}.Debug|x86.Build.0 = Debug|Win32
		{92C18D1A-5A46-4824-AE59-24250F70A20E}.Release|x86.ActiveCfg = Release|Win32
		{92C18D1A-5A46-4824-AE59-24250F70A20E}.Release|x86.Build.0 = Release|Win32
		{A31824E7-9083-4DFC-9908-CA11566E3B73}.Debug|x86.ActiveCfg = Debug|Win32
		{A31824E7-9083-4DFC-9908-CA11566E3B73}.Debug|x86.Build.0 = Debug|Win32
		{A31824E7-9083-4DFC-9908-CA11566E3B73}.Release|x86.ActiveCfg = Release|Win32
		{A31824E7-9083-4DFC-9908-CA11566E3B73}.Release|x86.Build.0 = Release|Win32
		{FFF01FFA-07D0-4D1F-A953-6BA699F5C89C}.Debug|x86.ActiveCfg = Debug|Win32
		{FFF01FFA-07D0-4D1F-A953-6BA699F5C89C}.Debug|x86.Build.0 = Debug|Win32
		{FFF01FFA-07D0-4D1F-A953-6BA699F5C89C}.Release|x86.ActiveCfg = Release|Win32
		{FFF01FFA-07D0-4D1F-A953-6BA699F5C89C}.Release|x86.Build.0 = Release|Win32
		{ABBF7913-BB7B-482F-9400-CDAD2D1BC828}.Debug|x86.ActiveCfg = Debug|Win32
		{ABBF7913-BB7B-482F-9400-CDAD2D1BC828}.Debug|x86.Build.0 = Debug|Win32
		{ABBF7913-BB7B-482F-9400-CDAD2D1BC828}.Release|x86.ActiveCfg = Release|Win32
		{ABBF7913-BB7B-482F-9400-CDAD2D1BC828}.Release|x86.Build.0 = Release|Win32
		{722C9F0A-01EC-4AA5-B08F-513AF93A58C6}.Debug|x86.ActiveCfg = Debug|Win32
		{722C9F0A-01EC-4AA5-B08F-513AF93A58C6}.Debug|x86.Build.0 = Debug|Win32
		{722C9F0A-01EC-4AA5-B08F-513AF93A58C6}.Release|x86.ActiveCfg = Release|Win32
		{722C9F0A-01EC-4AA5-B08F-513AF93A58C6}.Release|x86.Build.0 = Release|Win32
		{844D5FBC-A0E8-446D-AF24-7B6FAD8FD713}.Debug|x86.ActiveCfg = Debug|Win32
		{844D5FBC-A0E8-446D-AF24-7B6FAD8FD713}.Debug|x86.Build.0 = Debug|Win32
		{844D5FBC-A0E8-446D-AF24-7B6FAD8FD713}.Release|x86.ActiveCfg = Release|Win32
		{844D5FBC-A0E8-446D-AF24-7B6FAD8FD713}.Release|x86.Build.0 = Release|Win32
		{42FBCCB8-E9E3-4F7C-97AA-9BFC1FE234D6}.Debug|x86.ActiveCfg = Debug|Win32
		{42FBCCB8-E9E3-4F7C-97AA-9BFC1FE234D6}.Debug|x86.Build.0 = Debug|Win32
		{42FBCCB8-E9E3-4F7C-97AA-9BFC1FE234D6}.Release|x86.ActiveCfg = Release|Win32
		{42FBCCB8-E9E3-4F7C-97AA-9BFC1FE234D6}.Release|x86.Build.0 = Release|Win32
	EndGlobalSection
	GlobalSection(SolutionProperties) = preSolution
		HideSolutionNode = FALSE
	EndGlobalSection
	GlobalSection(NestedProjects) = preSolution
		{A674A8B3-D3A4-4F6A-B904-6DD1F6E6F725} = {DDE67CFB-F4BF-45A1-8A81-169E9989D516}
		{FA12657D-D8A0-41F5-8FB0-D1031C586229} = {1B431B5C-2C15-4F4D-9452-CF92F054A1ED}
		{FC236736-76AC-40A9-BFEF-3ECB6DB084C8} = {1B431B5C-2C15-4F4D-9452-CF92F054A1ED}
		{0A97ECD7-0580-4FCF-9FA0-C406EAC3642B} = {1B431B5C-2C15-4F4D-9452-CF92F054A1ED}
		{C15B09BC-570B-4098-8967-037462DFDF62} = {1B431B5C-2C15-4F4D-9452-CF92F054A1ED}
		{E60B5B2D-19E8-4FD3-BFF7-CB908C5A651A} = {1B431B5C-2C15-4F4D-9452-CF92F054A1ED}
		{EDFA3E00-4D79-4DE5-96F7-438EAC3E1103} = {1B431B5C-2C15-4F4D-9452-CF92F054A1ED}
		{13CD4D9E-A6AE-49F9-B6D6-550532FDED6E} = {1B431B5C-2C15-4F4D-9452-CF92F054A1ED}
		{7EDBEED8-75ED-48EE-9F13-5D4A895E8F1B} = {4C2ECE37-DEE4-482D-ACDE-69E48FE5C512}
		{5551282F-B293-4278-98DB-A3A53727D34F} = {4C2ECE37-DEE4-482D-ACDE-69E48FE5C512}
		{5225B258-8502-4EBC-AF87-0CA8DFB9AF8C} = {4C2ECE37-DEE4-482D-ACDE-69E48FE5C512}
		{FA3A57E8-D7A0-4BCD-AE65-DD75E80E187E} = {1B431B5C-2C15-4F4D-9452-CF92F054A1ED}
		{A912A947-9DBE-4442-ABC2-347680708634} = {4C2ECE37-DEE4-482D-ACDE-69E48FE5C512}
		{3053487E-D553-484A-A087-6CAF5689295A} = {4C2ECE37-DEE4-482D-ACDE-69E48FE5C512}
		{E46C7A77-C962-4B50-A284-335DA30C5257} = {1B431B5C-2C15-4F4D-9452-CF92F054A1ED}
		{1BFF6BFB-D00D-4F96-B020-D7C425E8F7B3} = {1B431B5C-2C15-4F4D-9452-CF92F054A1ED}
		{AC6556D4-7A01-4640-974D-C8B5958911D2} = {1B431B5C-2C15-4F4D-9452-CF92F054A1ED}
		{1FC03B27-41F3-4107-AEBF-3C6D2E7149FA} = {1B431B5C-2C15-4F4D-9452-CF92F054A1ED}
		{C1734322-885B-46B3-B35B-7E5283435260} = {86AAB188-8116-48FF-8BEF-CAB54B4AB43F}
		{5A72A3FE-A1F4-41B2-9536-C6AB5799239A} = {86AAB188-8116-48FF-8BEF-CAB54B4AB43F}
		{EF9B5E00-F5D5-4EA6-9B4C-8C8149983517} = {86AAB188-8116-48FF-8BEF-CAB54B4AB43F}
		{CE46BE5A-0C74-484C-ADAA-C15DE6570B29} = {86AAB188-8116-48FF-8BEF-CAB54B4AB43F}
		{22357567-62AE-4AEF-A946-BF44CF25C56A} = {86AAB188-8116-48FF-8BEF-CAB54B4AB43F}
		{C1D5179C-C530-417D-B172-39587C922E7E} = {86AAB188-8116-48FF-8BEF-CAB54B4AB43F}
		{A0E267DE-259A-4E3D-AA3E-8F467A324742} = {1B431B5C-2C15-4F4D-9452-CF92F054A1ED}
		{C6F32713-AA2D-4BEA-BD1D-4CEE085DE74B} = {1B431B5C-2C15-4F4D-9452-CF92F054A1ED}
		{ADD25904-3F47-47D5-A4A5-4DF10616E720} = {1B431B5C-2C15-4F4D-9452-CF92F054A1ED}
		{FC55E2F8-9849-4610-8765-3D29D80FF78C} = {1B431B5C-2C15-4F4D-9452-CF92F054A1ED}
		{468221D4-56DD-44C6-A760-D8D216BD3C24} = {1B431B5C-2C15-4F4D-9452-CF92F054A1ED}
		{A6AD12FC-79E8-4164-8085-0AD26B7664F9} = {1B431B5C-2C15-4F4D-9452-CF92F054A1ED}
		{795B275A-E736-4273-9401-2E4C8CAB2938} = {1B431B5C-2C15-4F4D-9452-CF92F054A1ED}
		{4A03C0F3-3D57-4564-8910-26F44A91F070} = {1B431B5C-2C15-4F4D-9452-CF92F054A1ED}
		{AF32338D-2754-4166-A76A-601213A1ACB9} = {86AAB188-8116-48FF-8BEF-CAB54B4AB43F}
		{A487B0E9-7C53-4EE7-90D6-AD3C49AC9A9A} = {86AAB188-8116-48FF-8BEF-CAB54B4AB43F}
		{92C18D1A-5A46-4824-AE59-24250F70A20E} = {86AAB188-8116-48FF-8BEF-CAB54B4AB43F}
		{A31824E7-9083-4DFC-9908-CA11566E3B73} = {1B431B5C-2C15-4F4D-9452-CF92F054A1ED}
		{FFF01FFA-07D0-4D1F-A953-6BA699F5C89C} = {1B431B5C-2C15-4F4D-9452-CF92F054A1ED}
		{ABBF7913-BB7B-482F-9400-CDAD2D1BC828} = {1B431B5C-2C15-4F4D-9452-CF92F054A1ED}
		{722C9F0A-01EC-4AA5-B08F-513AF93A58C6} = {1B431B5C-2C15-4F4D-9452-CF92F054A1ED}
		{844D5FBC-A0E8-446D-AF24-7B6FAD8FD713} = {1B431B5C-2C15-4F4D-9452-CF92F054A1ED}
		{42FBCCB8-E9E3-4F7C-97AA-9BFC1FE234D6} = {788B9268-2B37-4EA0-B767-58A51AD23DD7}
	EndGlobalSection
	GlobalSection(ExtensibilityGlobals) = postSolution
		SolutionGuid = {C1308D28-F0EE-436B-AA0D-4CFD1105C92A}
	EndGlobalSection
EndGlobal
