
Microsoft Visual Studio Solution File, Format Version 12.00
# Visual Studio Version 17
VisualStudioVersion = 17.0.32014.148
MinimumVisualStudioVersion = 10.0.40219.1
Project("{8BC9CEB8-8B4A-11D0-8D11-00A0C91BC942}") = "E02", "E02\E02.vcxproj", "{79BFA536-6108-4FA8-BE7C-F0D7CA318340}"
EndProject
Global
	GlobalSection(SolutionConfigurationPlatforms) = preSolution
		Debug|x64 = Debug|x64
		Debug|x86 = Debug|x86
		Release|x64 = Release|x64
		Release|x86 = Release|x86
	EndGlobalSection
	GlobalSection(ProjectConfigurationPlatforms) = postSolution
		{79BFA536-6108-4FA8-BE7C-F0D7CA318340}.Debug|x64.ActiveCfg = Debug|x64
		{79BFA536-6108-4FA8-BE7C-F0D7CA318340}.Debug|x64.Build.0 = Debug|x64
		{79BFA536-6108-4FA8-BE7C-F0D7CA318340}.Debug|x86.ActiveCfg = Debug|Win32
		{79BFA536-6108-4FA8-BE7C-F0D7CA318340}.Debug|x86.Build.0 = Debug|Win32
		{79BFA536-6108-4FA8-BE7C-F0D7CA318340}.Release|x64.ActiveCfg = Release|x64
		{79BFA536-6108-4FA8-BE7C-F0D7CA318340}.Release|x64.Build.0 = Release|x64
		{79BFA536-6108-4FA8-BE7C-F0D7CA318340}.Release|x86.ActiveCfg = Release|Win32
		{79BFA536-6108-4FA8-BE7C-F0D7CA318340}.Release|x86.Build.0 = Release|Win32
	EndGlobalSection
	GlobalSection(SolutionProperties) = preSolution
		HideSolutionNode = FALSE
	EndGlobalSection
	GlobalSection(ExtensibilityGlobals) = postSolution
		SolutionGuid = {DF6FE8C9-58D4-4DF5-8195-9794399A9892}
	EndGlobalSection
EndGlobal
